
Microsoft Visual Studio Solution File, Format Version 12.00
# Visual Studio 14
VisualStudioVersion = 14.0.24720.0
MinimumVisualStudioVersion = 10.0.40219.1
Project("{FAE04EC0-301F-11D3-BF4B-00C04F79EFBC}") = "SortJaggedArray", "SortJaggedArray\SortJaggedArray.csproj", "{C48508C2-B775-4221-BB35-15DA2035A78A}"
EndProject
Project("{FAE04EC0-301F-11D3-BF4B-00C04F79EFBC}") = "SortJaggedArrayTest", "SortJaggedArrayTest\SortJaggedArrayTest.csproj", "{3B866DC3-9A40-486B-AE95-01AEA661C03A}"
EndProject
Project("{FAE04EC0-301F-11D3-BF4B-00C04F79EFBC}") = "Root", "Root\Root.csproj", "{1CD9AF74-9F36-49D5-AC03-56A774ADE406}"
EndProject
Project("{FAE04EC0-301F-11D3-BF4B-00C04F79EFBC}") = "RootTest", "RootTest\RootTest.csproj", "{664678AA-3627-4081-AED6-D4DB97C4D49D}"
EndProject
Global
	GlobalSection(SolutionConfigurationPlatforms) = preSolution
		Debug|Any CPU = Debug|Any CPU
		Release|Any CPU = Release|Any CPU
	EndGlobalSection
	GlobalSection(ProjectConfigurationPlatforms) = postSolution
		{C48508C2-B775-4221-BB35-15DA2035A78A}.Debug|Any CPU.ActiveCfg = Debug|Any CPU
		{C48508C2-B775-4221-BB35-15DA2035A78A}.Debug|Any CPU.Build.0 = Debug|Any CPU
		{C48508C2-B775-4221-BB35-15DA2035A78A}.Release|Any CPU.ActiveCfg = Release|Any CPU
		{C48508C2-B775-4221-BB35-15DA2035A78A}.Release|Any CPU.Build.0 = Release|Any CPU
		{3B866DC3-9A40-486B-AE95-01AEA661C03A}.Debug|Any CPU.ActiveCfg = Debug|Any CPU
		{3B866DC3-9A40-486B-AE95-01AEA661C03A}.Debug|Any CPU.Build.0 = Debug|Any CPU
		{3B866DC3-9A40-486B-AE95-01AEA661C03A}.Release|Any CPU.ActiveCfg = Release|Any CPU
		{3B866DC3-9A40-486B-AE95-01AEA661C03A}.Release|Any CPU.Build.0 = Release|Any CPU
		{1CD9AF74-9F36-49D5-AC03-56A774ADE406}.Debug|Any CPU.ActiveCfg = Debug|Any CPU
		{1CD9AF74-9F36-49D5-AC03-56A774ADE406}.Debug|Any CPU.Build.0 = Debug|Any CPU
		{1CD9AF74-9F36-49D5-AC03-56A774ADE406}.Release|Any CPU.ActiveCfg = Release|Any CPU
		{1CD9AF74-9F36-49D5-AC03-56A774ADE406}.Release|Any CPU.Build.0 = Release|Any CPU
		{664678AA-3627-4081-AED6-D4DB97C4D49D}.Debug|Any CPU.ActiveCfg = Debug|Any CPU
		{664678AA-3627-4081-AED6-D4DB97C4D49D}.Debug|Any CPU.Build.0 = Debug|Any CPU
		{664678AA-3627-4081-AED6-D4DB97C4D49D}.Release|Any CPU.ActiveCfg = Release|Any CPU
		{664678AA-3627-4081-AED6-D4DB97C4D49D}.Release|Any CPU.Build.0 = Release|Any CPU
	EndGlobalSection
	GlobalSection(SolutionProperties) = preSolution
		HideSolutionNode = FALSE
	EndGlobalSection
EndGlobal
